
Microsoft Visual Studio Solution File, Format Version 12.00
# Visual Studio Version 17
VisualStudioVersion = 17.5.002.0
MinimumVisualStudioVersion = 10.0.40219.1
Project("{9A19103F-16F7-4668-BE54-9A1E7A4F7556}") = "typer", "typer.csproj", "{B88B7D85-D7E2-432D-82E2-77A9F446B5DD}"
EndProject
Global
	GlobalSection(SolutionConfigurationPlatforms) = preSolution
		Debug|Any CPU = Debug|Any CPU
		Release|Any CPU = Release|Any CPU
	EndGlobalSection
	GlobalSection(ProjectConfigurationPlatforms) = postSolution
		{B88B7D85-D7E2-432D-82E2-77A9F446B5DD}.Debug|Any CPU.ActiveCfg = Debug|Any CPU
		{B88B7D85-D7E2-432D-82E2-77A9F446B5DD}.Debug|Any CPU.Build.0 = Debug|Any CPU
		{B88B7D85-D7E2-432D-82E2-77A9F446B5DD}.Release|Any CPU.ActiveCfg = Release|Any CPU
		{B88B7D85-D7E2-432D-82E2-77A9F446B5DD}.Release|Any CPU.Build.0 = Release|Any CPU
	EndGlobalSection
	GlobalSection(SolutionProperties) = preSolution
		HideSolutionNode = FALSE
	EndGlobalSection
	GlobalSection(ExtensibilityGlobals) = postSolution
		SolutionGuid = {D0AE5581-3ACB-4415-9D93-4692602FEC82}
	EndGlobalSection
EndGlobal
